# @generated - this file is auto-generated by `mise lock` https://mise.jdx.dev/dev-tools/mise-lock.html

[[tools.java]]
version = "21.0.2"
backend = "core:java"

[tools.java."platforms.macos-x64"]
checksum = "sha256:8fd09e15dc406387a0aba70bf5d99692874e999bf9cd9208b452b5d76ac922d3"
url = "https://download.java.net/java/GA/jdk21.0.2/f2283984656d49d69e91c558476027ac/13/GPL/openjdk-21.0.2_macos-x64_bin.tar.gz"
