# @generated - this file is auto-generated by `mise lock` https://mise.jdx.dev/dev-tools/mise-lock.html

[[tools."github:yonaskolb/XcodeGen"]]
version = "2.45.3"
backend = "github:yonaskolb/XcodeGen"

[tools."github:yonaskolb/XcodeGen"."platforms.linux-arm64"]
checksum = "sha256:0c90f4d28ca57335f9fa78cf5bf6dabfe20a232036dabe36de2eef79cb7c0878"
url = "https://github.com/yonaskolb/XcodeGen/releases/download/2.45.3/xcodegen.zip"
url_api = "https://api.github.com/repos/yonaskolb/XcodeGen/releases/assets/370842625"

[tools."github:yonaskolb/XcodeGen"."platforms.linux-arm64-musl"]
checksum = "sha256:0c90f4d28ca57335f9fa78cf5bf6dabfe20a232036dabe36de2eef79cb7c0878"
url = "https://github.com/yonaskolb/XcodeGen/releases/download/2.45.3/xcodegen.zip"
url_api = "https://api.github.com/repos/yonaskolb/XcodeGen/releases/assets/370842625"

[tools."github:yonaskolb/XcodeGen"."platforms.linux-x64"]
checksum = "sha256:0c90f4d28ca57335f9fa78cf5bf6dabfe20a232036dabe36de2eef79cb7c0878"
url = "https://github.com/yonaskolb/XcodeGen/releases/download/2.45.3/xcodegen.zip"
url_api = "https://api.github.com/repos/yonaskolb/XcodeGen/releases/assets/370842625"

[tools."github:yonaskolb/XcodeGen"."platforms.linux-x64-musl"]
checksum = "sha256:0c90f4d28ca57335f9fa78cf5bf6dabfe20a232036dabe36de2eef79cb7c0878"
url = "https://github.com/yonaskolb/XcodeGen/releases/download/2.45.3/xcodegen.zip"
url_api = "https://api.github.com/repos/yonaskolb/XcodeGen/releases/assets/370842625"

[tools."github:yonaskolb/XcodeGen"."platforms.macos-arm64"]
checksum = "sha256:0c90f4d28ca57335f9fa78cf5bf6dabfe20a232036dabe36de2eef79cb7c0878"
url = "https://github.com/yonaskolb/XcodeGen/releases/download/2.45.3/xcodegen.zip"
url_api = "https://api.github.com/repos/yonaskolb/XcodeGen/releases/assets/370842625"

[tools."github:yonaskolb/XcodeGen"."platforms.macos-x64"]
checksum = "sha256:0c90f4d28ca57335f9fa78cf5bf6dabfe20a232036dabe36de2eef79cb7c0878"
url = "https://github.com/yonaskolb/XcodeGen/releases/download/2.45.3/xcodegen.zip"
url_api = "https://api.github.com/repos/yonaskolb/XcodeGen/releases/assets/370842625"

[tools."github:yonaskolb/XcodeGen"."platforms.windows-x64"]
checksum = "sha256:0c90f4d28ca57335f9fa78cf5bf6dabfe20a232036dabe36de2eef79cb7c0878"
url = "https://github.com/yonaskolb/XcodeGen/releases/download/2.45.3/xcodegen.zip"
url_api = "https://api.github.com/repos/yonaskolb/XcodeGen/releases/assets/370842625"

[[tools.java]]
version = "21.0.2"
backend = "core:java"

[tools.java."platforms.macos-x64"]
checksum = "sha256:8fd09e15dc406387a0aba70bf5d99692874e999bf9cd9208b452b5d76ac922d3"
url = "https://download.java.net/java/GA/jdk21.0.2/f2283984656d49d69e91c558476027ac/13/GPL/openjdk-21.0.2_macos-x64_bin.tar.gz"
